// !$*UTF8*$!
{
	archiveVersion = 1;
	classes = {
	};
	objectVersion = 50;
	objects = {

/* Begin PBXBuildFile section */
		AD8354232258E0D30074094E /* Movie.swift in Sources */ = {isa = PBXBuildFile; fileRef = AD8354222258E0D30074094E /* Movie.swift */; };
		AD835425225975860074094E /* movies.json in Resources */ = {isa = PBXBuildFile; fileRef = AD835424225975860074094E /* movies.json */; };
		ADB714DC225885BF00D3614C /* AppDelegate.swift in Sources */ = {isa = PBXBuildFile; fileRef = ADB714DB225885BF00D3614C /* AppDelegate.swift */; };
		ADB714DE225885BF00D3614C /* MoviesTableViewController.swift in Sources */ = {isa = PBXBuildFile; fileRef = ADB714DD225885BF00D3614C /* MoviesTableViewController.swift */; };
		ADB714E1225885BF00D3614C /* Main.storyboard in Resources */ = {isa = PBXBuildFile; fileRef = ADB714DF225885BF00D3614C /* Main.storyboard */; };
		ADB714E3225885C000D3614C /* Assets.xcassets in Resources */ = {isa = PBXBuildFile; fileRef = ADB714E2225885C000D3614C /* Assets.xcassets */; };
		ADB714E6225885C000D3614C /* LaunchScreen.storyboard in Resources */ = {isa = PBXBuildFile; fileRef = ADB714E4225885C000D3614C /* LaunchScreen.storyboard */; };
		ADB714F1225890F700D3614C /* DetailViewController.swift in Sources */ = {isa = PBXBuildFile; fileRef = ADB714F0225890F700D3614C /* DetailViewController.swift */; };
		ADB714F32258A1FC00D3614C /* AddMovieViewController.swift in Sources */ = {isa = PBXBuildFile; fileRef = ADB714F22258A1FC00D3614C /* AddMovieViewController.swift */; };
/* End PBXBuildFile section */

/* Begin PBXFileReference section */
		AD8354222258E0D30074094E /* Movie.swift */ = {isa = PBXFileReference; lastKnownFileType = sourcecode.swift; path = Movie.swift; sourceTree = "<group>"; };
		AD835424225975860074094E /* movies.json */ = {isa = PBXFileReference; fileEncoding = 4; lastKnownFileType = text.json; path = movies.json; sourceTree = SOURCE_ROOT; };
		ADB714D8225885BF00D3614C /* ToWatch.app */ = {isa = PBXFileReference; explicitFileType = wrapper.application; includeInIndex = 0; path = ToWatch.app; sourceTree = BUILT_PRODUCTS_DIR; };
		ADB714DB225885BF00D3614C /* AppDelegate.swift */ = {isa = PBXFileReference; lastKnownFileType = sourcecode.swift; path = AppDelegate.swift; sourceTree = "<group>"; };
		ADB714DD225885BF00D3614C /* MoviesTableViewController.swift */ = {isa = PBXFileReference; lastKnownFileType = sourcecode.swift; path = MoviesTableViewController.swift; sourceTree = "<group>"; };
		ADB714E0225885BF00D3614C /* Base */ = {isa = PBXFileReference; lastKnownFileType = file.storyboard; name = Base; path = Base.lproj/Main.storyboard; sourceTree = "<group>"; };
		ADB714E2225885C000D3614C /* Assets.xcassets */ = {isa = PBXFileReference; lastKnownFileType = folder.assetcatalog; path = Assets.xcassets; sourceTree = "<group>"; };
		ADB714E5225885C000D3614C /* Base */ = {isa = PBXFileReference; lastKnownFileType = file.storyboard; name = Base; path = Base.lproj/LaunchScreen.storyboard; sourceTree = "<group>"; };
		ADB714E7225885C000D3614C /* Info.plist */ = {isa = PBXFileReference; lastKnownFileType = text.plist.xml; path = Info.plist; sourceTree = "<group>"; };
		ADB714F0225890F700D3614C /* DetailViewController.swift */ = {isa = PBXFileReference; lastKnownFileType = sourcecode.swift; path = DetailViewController.swift; sourceTree = "<group>"; };
		ADB714F22258A1FC00D3614C /* AddMovieViewController.swift */ = {isa = PBXFileReference; lastKnownFileType = sourcecode.swift; path = AddMovieViewController.swift; sourceTree = "<group>"; };
/* End PBXFileReference section */

/* Begin PBXFrameworksBuildPhase section */
		ADB714D5225885BF00D3614C /* Frameworks */ = {
			isa = PBXFrameworksBuildPhase;
			buildActionMask = 2147483647;
			files = (
			);
			runOnlyForDeploymentPostprocessing = 0;
		};
/* End PBXFrameworksBuildPhase section */

/* Begin PBXGroup section */
		ADB714CF225885BF00D3614C = {
			isa = PBXGroup;
			children = (
				ADB714DA225885BF00D3614C /* ToWatch */,
				ADB714D9225885BF00D3614C /* Products */,
			);
			sourceTree = "<group>";
		};
		ADB714D9225885BF00D3614C /* Products */ = {
			isa = PBXGroup;
			children = (
				ADB714D8225885BF00D3614C /* ToWatch.app */,
			);
			name = Products;
			sourceTree = "<group>";
		};
		ADB714DA225885BF00D3614C /* ToWatch */ = {
			isa = PBXGroup;
			children = (
				ADB714ED22588A3C00D3614C /* Model */,
				ADB714DB225885BF00D3614C /* AppDelegate.swift */,
				ADB714DD225885BF00D3614C /* MoviesTableViewController.swift */,
				AD835424225975860074094E /* movies.json */,
				ADB714DF225885BF00D3614C /* Main.storyboard */,
				ADB714E2225885C000D3614C /* Assets.xcassets */,
				ADB714E4225885C000D3614C /* LaunchScreen.storyboard */,
				ADB714E7225885C000D3614C /* Info.plist */,
				ADB714F0225890F700D3614C /* DetailViewController.swift */,
				ADB714F22258A1FC00D3614C /* AddMovieViewController.swift */,
			);
			path = ToWatch;
			sourceTree = "<group>";
		};
		ADB714ED22588A3C00D3614C /* Model */ = {
			isa = PBXGroup;
			children = (
				AD8354222258E0D30074094E /* Movie.swift */,
			);
			path = Model;
			sourceTree = "<group>";
		};
/* End PBXGroup section */

/* Begin PBXNativeTarget section */
		ADB714D7225885BF00D3614C /* ToWatch */ = {
			isa = PBXNativeTarget;
			buildConfigurationList = ADB714EA225885C000D3614C /* Build configuration list for PBXNativeTarget "ToWatch" */;
			buildPhases = (
				ADB714D4225885BF00D3614C /* Sources */,
				ADB714D5225885BF00D3614C /* Frameworks */,
				ADB714D6225885BF00D3614C /* Resources */,
			);
			buildRules = (
			);
			dependencies = (
			);
			name = ToWatch;
			productName = ToWatch;
			productReference = ADB714D8225885BF00D3614C /* ToWatch.app */;
			productType = "com.apple.product-type.application";
		};
/* End PBXNativeTarget section */

/* Begin PBXProject section */
		ADB714D0225885BF00D3614C /* Project object */ = {
			isa = PBXProject;
			attributes = {
				LastSwiftUpdateCheck = 1010;
				LastUpgradeCheck = 1010;
				ORGANIZATIONNAME = "Lam Tu";
				TargetAttributes = {
					ADB714D7225885BF00D3614C = {
						CreatedOnToolsVersion = 10.1;
					};
				};
			};
			buildConfigurationList = ADB714D3225885BF00D3614C /* Build configuration list for PBXProject "ToWatch" */;
			compatibilityVersion = "Xcode 9.3";
			developmentRegion = en;
			hasScannedForEncodings = 0;
			knownRegions = (
				en,
				Base,
			);
			mainGroup = ADB714CF225885BF00D3614C;
			productRefGroup = ADB714D9225885BF00D3614C /* Products */;
			projectDirPath = "";
			projectRoot = "";
			targets = (
				ADB714D7225885BF00D3614C /* ToWatch */,
			);
		};
/* End PBXProject section */

/* Begin PBXResourcesBuildPhase section */
		ADB714D6225885BF00D3614C /* Resources */ = {
			isa = PBXResourcesBuildPhase;
			buildActionMask = 2147483647;
			files = (
				ADB714E6225885C000D3614C /* LaunchScreen.storyboard in Resources */,
				ADB714E3225885C000D3614C /* Assets.xcassets in Resources */,
				AD835425225975860074094E /* movies.json in Resources */,
				ADB714E1225885BF00D3614C /* Main.storyboard in Resources */,
			);
			runOnlyForDeploymentPostprocessing = 0;
		};
/* End PBXResourcesBuildPhase section */

/* Begin PBXSourcesBuildPhase section */
		ADB714D4225885BF00D3614C /* Sources */ = {
			isa = PBXSourcesBuildPhase;
			buildActionMask = 2147483647;
			files = (
				ADB714DE225885BF00D3614C /* MoviesTableViewController.swift in Sources */,
				ADB714DC225885BF00D3614C /* AppDelegate.swift in Sources */,
				AD8354232258E0D30074094E /* Movie.swift in Sources */,
				ADB714F32258A1FC00D3614C /* AddMovieViewController.swift in Sources */,
				ADB714F1225890F700D3614C /* DetailViewController.swift in Sources */,
			);
			runOnlyForDeploymentPostprocessing = 0;
		};
/* End PBXSourcesBuildPhase section */

/* Begin PBXVariantGroup section */
		ADB714DF225885BF00D3614C /* Main.storyboard */ = {
			isa = PBXVariantGroup;
			children = (
				ADB714E0225885BF00D3614C /* Base */,
			);
			name = Main.storyboard;
			sourceTree = "<group>";
		};
		ADB714E4225885C000D3614C /* LaunchScreen.storyboard */ = {
			isa = PBXVariantGroup;
			children = (
				ADB714E5225885C000D3614C /* Base */,
			);
			name = LaunchScreen.storyboard;
			sourceTree = "<group>";
		};
/* End PBXVariantGroup section */

/* Begin XCBuildConfiguration section */
		ADB714E8225885C000D3614C /* Debug */ = {
			isa = XCBuildConfiguration;
			buildSettings = {
				ALWAYS_SEARCH_USER_PATHS = NO;
				CLANG_ANALYZER_NONNULL = YES;
				CLANG_ANALYZER_NUMBER_OBJECT_CONVERSION = YES_AGGRESSIVE;
				CLANG_CXX_LANGUAGE_STANDARD = "gnu++14";
				CLANG_CXX_LIBRARY = "libc++";
				CLANG_ENABLE_MODULES = YES;
				CLANG_ENABLE_OBJC_ARC = YES;
				CLANG_ENABLE_OBJC_WEAK = YES;
				CLANG_WARN_BLOCK_CAPTURE_AUTORELEASING = YES;
				CLANG_WARN_BOOL_CONVERSION = YES;
				CLANG_WARN_COMMA = YES;
				CLANG_WARN_CONSTANT_CONVERSION = YES;
				CLANG_WARN_DEPRECATED_OBJC_IMPLEMENTATIONS = YES;
				CLANG_WARN_DIRECT_OBJC_ISA_USAGE = YES_ERROR;
				CLANG_WARN_DOCUMENTATION_COMMENTS = YES;
				CLANG_WARN_EMPTY_BODY = YES;
				CLANG_WARN_ENUM_CONVERSION = YES;
				CLANG_WARN_INFINITE_RECURSION = YES;
				CLANG_WARN_INT_CONVERSION = YES;
				CLANG_WARN_NON_LITERAL_NULL_CONVERSION = YES;
				CLANG_WARN_OBJC_IMPLICIT_RETAIN_SELF = YES;
				CLANG_WARN_OBJC_LITERAL_CONVERSION = YES;
				CLANG_WARN_OBJC_ROOT_CLASS = YES_ERROR;
				CLANG_WARN_RANGE_LOOP_ANALYSIS = YES;
				CLANG_WARN_STRICT_PROTOTYPES = YES;
				CLANG_WARN_SUSPICIOUS_MOVE = YES;
				CLANG_WARN_UNGUARDED_AVAILABILITY = YES_AGGRESSIVE;
				CLANG_WARN_UNREACHABLE_CODE = YES;
				CLANG_WARN__DUPLICATE_METHOD_MATCH = YES;
				CODE_SIGN_IDENTITY = "iPhone Developer";
				COPY_PHASE_STRIP = NO;
				DEBUG_INFORMATION_FORMAT = dwarf;
				ENABLE_STRICT_OBJC_MSGSEND = YES;
				ENABLE_TESTABILITY = YES;
				GCC_C_LANGUAGE_STANDARD = gnu11;
				GCC_DYNAMIC_NO_PIC = NO;
				GCC_NO_COMMON_BLOCKS = YES;
				GCC_OPTIMIZATION_LEVEL = 0;
				GCC_PREPROCESSOR_DEFINITIONS = (
					"DEBUG=1",
					"$(inherited)",
				);
				GCC_WARN_64_TO_32_BIT_CONVERSION = YES;
				GCC_WARN_ABOUT_RETURN_TYPE = YES_ERROR;
				GCC_WARN_UNDECLARED_SELECTOR = YES;
				GCC_WARN_UNINITIALIZED_AUTOS = YES_AGGRESSIVE;
				GCC_WARN_UNUSED_FUNCTION = YES;
				GCC_WARN_UNUSED_VARIABLE = YES;
				IPHONEOS_DEPLOYMENT_TARGET = 12.1;
				MTL_ENABLE_DEBUG_INFO = INCLUDE_SOURCE;
				MTL_FAST_MATH = YES;
				ONLY_ACTIVE_ARCH = YES;
				SDKROOT = iphoneos;
				SWIFT_ACTIVE_COMPILATION_CONDITIONS = DEBUG;
				SWIFT_OPTIMIZATION_LEVEL = "-Onone";
			};
			name = Debug;
		};
		ADB714E9225885C000D3614C /* Release */ = {
			isa = XCBuildConfiguration;
			buildSettings = {
				ALWAYS_SEARCH_USER_PATHS = NO;
				CLANG_ANALYZER_NONNULL = YES;
				CLANG_ANALYZER_NUMBER_OBJECT_CONVERSION = YES_AGGRESSIVE;
				CLANG_CXX_LANGUAGE_STANDARD = "gnu++14";
				CLANG_CXX_LIBRARY = "libc++";
				CLANG_ENABLE_MODULES = YES;
				CLANG_ENABLE_OBJC_ARC = YES;
				CLANG_ENABLE_OBJC_WEAK = YES;
				CLANG_WARN_BLOCK_CAPTURE_AUTORELEASING = YES;
				CLANG_WARN_BOOL_CONVERSION = YES;
				CLANG_WARN_COMMA = YES;
				CLANG_WARN_CONSTANT_CONVERSION = YES;
				CLANG_WARN_DEPRECATED_OBJC_IMPLEMENTATIONS = YES;
				CLANG_WARN_DIRECT_OBJC_ISA_USAGE = YES_ERROR;
				CLANG_WARN_DOCUMENTATION_COMMENTS = YES;
				CLANG_WARN_EMPTY_BODY = YES;
				CLANG_WARN_ENUM_CONVERSION = YES;
				CLANG_WARN_INFINITE_RECURSION = YES;
				CLANG_WARN_INT_CONVERSION = YES;
				CLANG_WARN_NON_LITERAL_NULL_CONVERSION = YES;
				CLANG_WARN_OBJC_IMPLICIT_RETAIN_SELF = YES;
				CLANG_WARN_OBJC_LITERAL_CONVERSION = YES;
				CLANG_WARN_OBJC_ROOT_CLASS = YES_ERROR;
				CLANG_WARN_RANGE_LOOP_ANALYSIS = YES;
				CLANG_WARN_STRICT_PROTOTYPES = YES;
				CLANG_WARN_SUSPICIOUS_MOVE = YES;
				CLANG_WARN_UNGUARDED_AVAILABILITY = YES_AGGRESSIVE;
				CLANG_WARN_UNREACHABLE_CODE = YES;
				CLANG_WARN__DUPLICATE_METHOD_MATCH = YES;
				CODE_SIGN_IDENTITY = "iPhone Developer";
				COPY_PHASE_STRIP = NO;
				DEBUG_INFORMATION_FORMAT = "dwarf-with-dsym";
				ENABLE_NS_ASSERTIONS = NO;
				ENABLE_STRICT_OBJC_MSGSEND = YES;
				GCC_C_LANGUAGE_STANDARD = gnu11;
				GCC_NO_COMMON_BLOCKS = YES;
				GCC_WARN_64_TO_32_BIT_CONVERSION = YES;
				GCC_WARN_ABOUT_RETURN_TYPE = YES_ERROR;
				GCC_WARN_UNDECLARED_SELECTOR = YES;
				GCC_WARN_UNINITIALIZED_AUTOS = YES_AGGRESSIVE;
				GCC_WARN_UNUSED_FUNCTION = YES;
				GCC_WARN_UNUSED_VARIABLE = YES;
				IPHONEOS_DEPLOYMENT_TARGET = 12.1;
				MTL_ENABLE_DEBUG_INFO = NO;
				MTL_FAST_MATH = YES;
				SDKROOT = iphoneos;
				SWIFT_COMPILATION_MODE = wholemodule;
				SWIFT_OPTIMIZATION_LEVEL = "-O";
				VALIDATE_PRODUCT = YES;
			};
			name = Release;
		};
		ADB714EB225885C000D3614C /* Debug */ = {
			isa = XCBuildConfiguration;
			buildSettings = {
				ASSETCATALOG_COMPILER_APPICON_NAME = AppIcon;
				CODE_SIGN_STYLE = Automatic;
				DEVELOPMENT_TEAM = "";
				INFOPLIST_FILE = ToWatch/Info.plist;
				LD_RUNPATH_SEARCH_PATHS = (
					"$(inherited)",
					"@executable_path/Frameworks",
				);
				PRODUCT_BUNDLE_IDENTIFIER = cdda.ToWatch;
				PRODUCT_NAME = "$(TARGET_NAME)";
				SWIFT_VERSION = 4.2;
				TARGETED_DEVICE_FAMILY = "1,2";
			};
			name = Debug;
		};
		ADB714EC225885C000D3614C /* Release */ = {
			isa = XCBuildConfiguration;
			buildSettings = {
				ASSETCATALOG_COMPILER_APPICON_NAME = AppIcon;
				CODE_SIGN_STYLE = Automatic;
				DEVELOPMENT_TEAM = "";
				INFOPLIST_FILE = ToWatch/Info.plist;
				LD_RUNPATH_SEARCH_PATHS = (
					"$(inherited)",
					"@executable_path/Frameworks",
				);
				PRODUCT_BUNDLE_IDENTIFIER = cdda.ToWatch;
				PRODUCT_NAME = "$(TARGET_NAME)";
				SWIFT_VERSION = 4.2;
				TARGETED_DEVICE_FAMILY = "1,2";
			};
			name = Release;
		};
/* End XCBuildConfiguration section */

/* Begin XCConfigurationList section */
		ADB714D3225885BF00D3614C /* Build configuration list for PBXProject "ToWatch" */ = {
			isa = XCConfigurationList;
			buildConfigurations = (
				ADB714E8225885C000D3614C /* Debug */,
				ADB714E9225885C000D3614C /* Release */,
			);
			defaultConfigurationIsVisible = 0;
			defaultConfigurationName = Release;
		};
		ADB714EA225885C000D3614C /* Build configuration list for PBXNativeTarget "ToWatch" */ = {
			isa = XCConfigurationList;
			buildConfigurations = (
				ADB714EB225885C000D3614C /* Debug */,
				ADB714EC225885C000D3614C /* Release */,
			);
			defaultConfigurationIsVisible = 0;
			defaultConfigurationName = Release;
		};
/* End XCConfigurationList section */
	};
	rootObject = ADB714D0225885BF00D3614C /* Project object */;
}
